[[package]]
name = "inquirerpy"
version = "0.3.4"
description = "Python port of Inquirer.js (A collection of common interactive command-line user interfaces)"
category = "main"
optional = false
python-versions = ">=3.7,<4.0"

[package.dependencies]
pfzy = ">=0.3.1,<0.4.0"
prompt-toolkit = ">=3.0.1,<4.0.0"

[package.extras]
docs = ["Sphinx (>=4.1.2,<5.0.0)", "furo (>=2021.8.17-beta.43,<2022.0.0)", "myst-parser (>=0.15.1,<0.16.0)", "sphinx-autobuild (>=2021.3.14,<2022.0.0)", "sphinx-copybutton (>=0.4.0,<0.5.0)"]

[[package]]
name = "pfzy"
version = "0.3.4"
description = "Python port of the fzy fuzzy string matching algorithm"
category = "main"
optional = false
python-versions = ">=3.7,<4.0"

[package.extras]
docs = ["Sphinx (>=4.1.2,<5.0.0)", "furo (>=2021.8.17-beta.43,<2022.0.0)", "myst-parser (>=0.15.1,<0.16.0)", "sphinx-autobuild (>=2021.3.14,<2022.0.0)", "sphinx-copybutton (>=0.4.0,<0.5.0)"]

[[package]]
name = "prompt-toolkit"
version = "3.0.38"
description = "Library for building powerful interactive command lines in Python"
category = "main"
optional = false
python-versions = ">=3.7.0"

[package.dependencies]
wcwidth = "*"

[[package]]
name = "wcwidth"
version = "0.2.6"
description = "Measures the displayed width of unicode strings in a terminal"
category = "main"
optional = false
python-versions = "*"

[metadata]
lock-version = "1.1"
python-versions = "^3.10"
content-hash = "101976080cfd1fa2586fef1c852d1a1c44189920944a2f338f33f27419ce35cd"

[metadata.files]
inquirerpy = [
    {file = "InquirerPy-0.3.4-py3-none-any.whl", hash = "sha256:c65fdfbac1fa00e3ee4fb10679f4d3ed7a012abf4833910e63c295827fe2a7d4"},
    {file = "InquirerPy-0.3.4.tar.gz", hash = "sha256:89d2ada0111f337483cb41ae31073108b2ec1e618a49d7110b0d7ade89fc197e"},
]
pfzy = [
    {file = "pfzy-0.3.4-py3-none-any.whl", hash = "sha256:5f50d5b2b3207fa72e7ec0ef08372ef652685470974a107d0d4999fc5a903a96"},
    {file = "pfzy-0.3.4.tar.gz", hash = "sha256:717ea765dd10b63618e7298b2d98efd819e0b30cd5905c9707223dceeb94b3f1"},
]
prompt-toolkit = [
    {file = "prompt_toolkit-3.0.38-py3-none-any.whl", hash = "sha256:45ea77a2f7c60418850331366c81cf6b5b9cf4c7fd34616f733c5427e6abbb1f"},
    {file = "prompt_toolkit-3.0.38.tar.gz", hash = "sha256:23ac5d50538a9a38c8bde05fecb47d0b403ecd0662857a86f886f798563d5b9b"},
]
wcwidth = [
    {file = "wcwidth-0.2.6-py2.py3-none-any.whl", hash = "sha256:795b138f6875577cd91bba52baf9e445cd5118fd32723b460e30a0af30ea230e"},
    {file = "wcwidth-0.2.6.tar.gz", hash = "sha256:a5220780a404dbe3353789870978e472cfe477761f06ee55077256e509b156d0"},
]
